
Microsoft Visual Studio Solution File, Format Version 12.00
# Visual Studio Version 17
VisualStudioVersion = 17.5.002.0
MinimumVisualStudioVersion = 10.0.40219.1
Project("{9A19103F-16F7-4668-BE54-9A1E7A4F7556}") = "Backend", "Backend\Backend.csproj", "{64143E03-A8E2-42FC-A45E-0EB2F071F401}"
EndProject
Global
	GlobalSection(SolutionConfigurationPlatforms) = preSolution
		Debug|Any CPU = Debug|Any CPU
		Release|Any CPU = Release|Any CPU
	EndGlobalSection
	GlobalSection(ProjectConfigurationPlatforms) = postSolution
		{64143E03-A8E2-42FC-A45E-0EB2F071F401}.Debug|Any CPU.ActiveCfg = Debug|Any CPU
		{64143E03-A8E2-42FC-A45E-0EB2F071F401}.Debug|Any CPU.Build.0 = Debug|Any CPU
		{64143E03-A8E2-42FC-A45E-0EB2F071F401}.Release|Any CPU.ActiveCfg = Release|Any CPU
		{64143E03-A8E2-42FC-A45E-0EB2F071F401}.Release|Any CPU.Build.0 = Release|Any CPU
	EndGlobalSection
	GlobalSection(SolutionProperties) = preSolution
		HideSolutionNode = FALSE
	EndGlobalSection
	GlobalSection(ExtensibilityGlobals) = postSolution
		SolutionGuid = {17513B14-3CFA-4FA9-BB52-4D22ED3B28A3}
	EndGlobalSection
EndGlobal
